
Microsoft Visual Studio Solution File, Format Version 12.00
# Visual Studio Version 17
VisualStudioVersion = 17.5.33627.172
MinimumVisualStudioVersion = 10.0.40219.1
Project("{9A19103F-16F7-4668-BE54-9A1E7A4F7556}") = "cloudinteractive.document", "cloudinteractive.document\cloudinteractive.document.csproj", "{169C4B68-11FA-4901-953C-289EF631C8ED}"
EndProject
Project("{FAE04EC0-301F-11D3-BF4B-00C04F79EFBC}") = "DocumentTestApp", "DocumentTestApp\DocumentTestApp.csproj", "{CE834D8B-806F-4C48-A123-7E3A638EEE30}"
	ProjectSection(ProjectDependencies) = postProject
		{169C4B68-11FA-4901-953C-289EF631C8ED} = {169C4B68-11FA-4901-953C-289EF631C8ED}
	EndProjectSection
EndProject
Global
	GlobalSection(SolutionConfigurationPlatforms) = preSolution
		Debug|Any CPU = Debug|Any CPU
		Release|Any CPU = Release|Any CPU
	EndGlobalSection
	GlobalSection(ProjectConfigurationPlatforms) = postSolution
		{169C4B68-11FA-4901-953C-289EF631C8ED}.Debug|Any CPU.ActiveCfg = Debug|Any CPU
		{169C4B68-11FA-4901-953C-289EF631C8ED}.Debug|Any CPU.Build.0 = Debug|Any CPU
		{169C4B68-11FA-4901-953C-289EF631C8ED}.Release|Any CPU.ActiveCfg = Release|Any CPU
		{169C4B68-11FA-4901-953C-289EF631C8ED}.Release|Any CPU.Build.0 = Release|Any CPU
		{CE834D8B-806F-4C48-A123-7E3A638EEE30}.Debug|Any CPU.ActiveCfg = Debug|Any CPU
		{CE834D8B-806F-4C48-A123-7E3A638EEE30}.Debug|Any CPU.Build.0 = Debug|Any CPU
		{CE834D8B-806F-4C48-A123-7E3A638EEE30}.Release|Any CPU.ActiveCfg = Release|Any CPU
		{CE834D8B-806F-4C48-A123-7E3A638EEE30}.Release|Any CPU.Build.0 = Release|Any CPU
	EndGlobalSection
	GlobalSection(SolutionProperties) = preSolution
		HideSolutionNode = FALSE
	EndGlobalSection
	GlobalSection(ExtensibilityGlobals) = postSolution
		SolutionGuid = {388DC570-32BE-41CA-8E3C-C6FF6410A234}
	EndGlobalSection
EndGlobal
